
Microsoft Visual Studio Solution File, Format Version 12.00
# Visual Studio Version 17
VisualStudioVersion = 17.0.32112.339
MinimumVisualStudioVersion = 10.0.40219.1
Project("{9A19103F-16F7-4668-BE54-9A1E7A4F7556}") = "assignment4", "assignment4\assignment4.csproj", "{D46F1520-FE9D-4AFA-93F9-964D846A27E5}"
EndProject
Project("{FAE04EC0-301F-11D3-BF4B-00C04F79EFBC}") = "ClassLibrary1", "ClassLibrary1\ClassLibrary1.csproj", "{A1D473B9-2192-47CF-878D-8FD8947C7D33}"
EndProject
Global
	GlobalSection(SolutionConfigurationPlatforms) = preSolution
		Debug|Any CPU = Debug|Any CPU
		Release|Any CPU = Release|Any CPU
	EndGlobalSection
	GlobalSection(ProjectConfigurationPlatforms) = postSolution
		{D46F1520-FE9D-4AFA-93F9-964D846A27E5}.Debug|Any CPU.ActiveCfg = Debug|Any CPU
		{D46F1520-FE9D-4AFA-93F9-964D846A27E5}.Debug|Any CPU.Build.0 = Debug|Any CPU
		{D46F1520-FE9D-4AFA-93F9-964D846A27E5}.Release|Any CPU.ActiveCfg = Release|Any CPU
		{D46F1520-FE9D-4AFA-93F9-964D846A27E5}.Release|Any CPU.Build.0 = Release|Any CPU
		{A1D473B9-2192-47CF-878D-8FD8947C7D33}.Debug|Any CPU.ActiveCfg = Debug|Any CPU
		{A1D473B9-2192-47CF-878D-8FD8947C7D33}.Debug|Any CPU.Build.0 = Debug|Any CPU
		{A1D473B9-2192-47CF-878D-8FD8947C7D33}.Release|Any CPU.ActiveCfg = Release|Any CPU
		{A1D473B9-2192-47CF-878D-8FD8947C7D33}.Release|Any CPU.Build.0 = Release|Any CPU
	EndGlobalSection
	GlobalSection(SolutionProperties) = preSolution
		HideSolutionNode = FALSE
	EndGlobalSection
	GlobalSection(ExtensibilityGlobals) = postSolution
		SolutionGuid = {970E656D-10E6-45CF-9C72-8C154E72306B}
	EndGlobalSection
EndGlobal
